
Microsoft Visual Studio Solution File, Format Version 12.00
# Visual Studio 2012
Project("{FAE04EC0-301F-11D3-BF4B-00C04F79EFBC}") = "TestProject.Droid", "TestProject.Droid\TestProject.Droid.csproj", "{E1A5CBC5-0685-4ABF-893A-7ACA2F2A9E43}"
EndProject
Global
	GlobalSection(SolutionConfigurationPlatforms) = preSolution
		Debug|Any CPU = Debug|Any CPU
		Release|Any CPU = Release|Any CPU
	EndGlobalSection
	GlobalSection(ProjectConfigurationPlatforms) = postSolution
		{E1A5CBC5-0685-4ABF-893A-7ACA2F2A9E43}.Debug|Any CPU.ActiveCfg = Debug|Any CPU
		{E1A5CBC5-0685-4ABF-893A-7ACA2F2A9E43}.Debug|Any CPU.Build.0 = Debug|Any CPU
		{E1A5CBC5-0685-4ABF-893A-7ACA2F2A9E43}.Release|Any CPU.ActiveCfg = Release|Any CPU
		{E1A5CBC5-0685-4ABF-893A-7ACA2F2A9E43}.Release|Any CPU.Build.0 = Release|Any CPU
	EndGlobalSection
	GlobalSection(SolutionProperties) = preSolution
		HideSolutionNode = FALSE
	EndGlobalSection
EndGlobal
